
Microsoft Visual Studio Solution File, Format Version 12.00
# Visual Studio 15
VisualStudioVersion = 15.0.28010.2050
MinimumVisualStudioVersion = 10.0.40219.1
Project("{FAE04EC0-301F-11D3-BF4B-00C04F79EFBC}") = "PictureViewer", "PictureViewer\PictureViewer.csproj", "{7CC86B9B-229E-4624-B4A7-BD0431E1EB2C}"
EndProject
Global
	GlobalSection(SolutionConfigurationPlatforms) = preSolution
		Debug|Any CPU = Debug|Any CPU
		Release|Any CPU = Release|Any CPU
	EndGlobalSection
	GlobalSection(ProjectConfigurationPlatforms) = postSolution
		{7CC86B9B-229E-4624-B4A7-BD0431E1EB2C}.Debug|Any CPU.ActiveCfg = Debug|Any CPU
		{7CC86B9B-229E-4624-B4A7-BD0431E1EB2C}.Debug|Any CPU.Build.0 = Debug|Any CPU
		{7CC86B9B-229E-4624-B4A7-BD0431E1EB2C}.Release|Any CPU.ActiveCfg = Release|Any CPU
		{7CC86B9B-229E-4624-B4A7-BD0431E1EB2C}.Release|Any CPU.Build.0 = Release|Any CPU
	EndGlobalSection
	GlobalSection(SolutionProperties) = preSolution
		HideSolutionNode = FALSE
	EndGlobalSection
	GlobalSection(ExtensibilityGlobals) = postSolution
		SolutionGuid = {0C11A3F8-196A-4339-AE50-3E48127C316E}
	EndGlobalSection
EndGlobal
